{"1.2.0",
[{<<"certifi">>,{pkg,<<"certifi">>,<<"2.5.1">>},1},
 {<<"erlsom">>,{pkg,<<"erlsom">>,<<"1.5.0">>},0},
 {<<"goldrush">>,{pkg,<<"goldrush">>,<<"0.1.9">>},1},
 {<<"hackney">>,{pkg,<<"hackney">>,<<"1.15.1">>},0},
 {<<"idna">>,{pkg,<<"idna">>,<<"6.0.0">>},1},
 {<<"lager">>,{pkg,<<"lager">>,<<"3.7.0">>},0},
 {<<"lager_syslog">>,
  {git,"https://github.com/erlang-lager/lager_syslog.git",
       {ref,"126dd0284fcac9b01613189a82facf8d803411a2"}},
  0},
 {<<"metrics">>,{pkg,<<"metrics">>,<<"1.0.1">>},1},
 {<<"mimerl">>,{pkg,<<"mimerl">>,<<"1.3.0">>},1},
 {<<"parse_trans">>,{pkg,<<"parse_trans">>,<<"3.4.2">>},2},
 {<<"ssl_verify_fun">>,{pkg,<<"ssl_verify_fun">>,<<"1.1.4">>},1},
 {<<"syslog">>,
  {git,"https://github.com/Vagabond/erlang-syslog.git",
       {ref,"2c38c70450f80b44711c7c1702171f32f881d4a6"}},
  0},
 {<<"unicode_util_compat">>,{pkg,<<"unicode_util_compat">>,<<"0.4.1">>},2}]}.
[
{pkg_hash,[
 {<<"certifi">>, <<"867CE347F7C7D78563450A18A6A28A8090331E77FA02380B4A21962A65D36EE5">>},
 {<<"erlsom">>, <<"C5A5CDD0EE0E8DCA62BCC4B13FF08DA24FDEFC16CCD8B25282A2FDA2BA1BE24A">>},
 {<<"goldrush">>, <<"F06E5D5F1277DA5C413E84D5A2924174182FB108DABB39D5EC548B27424CD106">>},
 {<<"hackney">>, <<"9F8F471C844B8CE395F7B6D8398139E26DDCA9EBC171A8B91342EE15A19963F4">>},
 {<<"idna">>, <<"689C46CBCDF3524C44D5F3DDE8001F364CD7608A99556D8FBD8239A5798D4C10">>},
 {<<"lager">>, <<"563AB17CD32134A3DD17EC3B3622E6D8F827506AA4F8C489158879BED87D980B">>},
 {<<"metrics">>, <<"25F094DEA2CDA98213CECC3AEFF09E940299D950904393B2A29D191C346A8486">>},
 {<<"mimerl">>, <<"D0CD9FC04B9061F82490F6581E0128379830E78535E017F7780F37FEA7545726">>},
 {<<"parse_trans">>, <<"C352DDC1A0D5E54F9B1654D45F9C432EEF76F9CEA371C55DDFF769EF688FDB74">>},
 {<<"ssl_verify_fun">>, <<"F0EAFFF810D2041E93F915EF59899C923F4568F4585904D010387ED74988E77B">>},
 {<<"unicode_util_compat">>, <<"D869E4C68901DD9531385BB0C8C40444EBF624E60B6962D95952775CAC5E90CD">>}]},
{pkg_hash_ext,[
 {<<"certifi">>, <<"805ABD97539CAF89EC6D4732C91E62BA9DA0CDA51AC462380BBD28EE697A8C42">>},
 {<<"erlsom">>, <<"55A9DBF9CFA77FCFC108BD8E2C4F9F784DEA228A8F4B06EA10B684944946955A">>},
 {<<"goldrush">>, <<"99CB4128CFFCB3227581E5D4D803D5413FA643F4EB96523F77D9E6937D994CEB">>},
 {<<"hackney">>, <<"C2790C9F0F7205F4A362512192DEE8179097394400E745E4D20BAB7226A8EAAD">>},
 {<<"idna">>, <<"4BDD305EB64E18B0273864920695CB18D7A2021F31A11B9C5FBCD9A253F936E2">>},
 {<<"lager">>, <<"97DC7E1C9E7289C3167F417E71FFE1DF28218537967E076800ECEDB1C28C9E48">>},
 {<<"metrics">>, <<"69B09ADDDC4F74A40716AE54D140F93BEB0FB8978D8636EADED0C31B6F099F16">>},
 {<<"mimerl">>, <<"A1E15A50D1887217DE95F0B9B0793E32853F7C258A5CD227650889B38839FE9D">>},
 {<<"parse_trans">>, <<"4C25347DE3B7C35732D32E69AB43D1CEEE0BEAE3F3B3ADE1B59CBD3DD224D9CA">>},
 {<<"ssl_verify_fun">>, <<"603561DC0FD62F4F2EA9B890F4E20E1A0D388746D6E20557CAFB1B16950DE88C">>},
 {<<"unicode_util_compat">>, <<"1D1848C40487CDB0B30E8ED975E34E025860C02E419CB615D255849F3427439D">>}]}
].
