{"1.2.0",
[{<<"certifi">>,{pkg,<<"certifi">>,<<"2.16.0">>},1},
 {<<"erlsom">>,{pkg,<<"erlsom">>,<<"1.5.2">>},0},
 {<<"goldrush">>,{pkg,<<"goldrush">>,<<"0.1.9">>},1},
 {<<"h2">>,{pkg,<<"h2">>,<<"0.4.0">>},1},
 {<<"hackney">>,{pkg,<<"hackney">>,<<"4.0.0">>},0},
 {<<"idna">>,{pkg,<<"idna">>,<<"7.1.0">>},1},
 {<<"lager">>,{pkg,<<"lager">>,<<"3.9.2">>},0},
 {<<"lager_syslog">>,
  {git,"https://github.com/erlang-lager/lager_syslog.git",
       {ref,"126dd0284fcac9b01613189a82facf8d803411a2"}},
  0},
 {<<"mimerl">>,{pkg,<<"mimerl">>,<<"1.5.0">>},1},
 {<<"parse_trans">>,{pkg,<<"parse_trans">>,<<"3.4.1">>},1},
 {<<"quic">>,{pkg,<<"quic">>,<<"1.0.0">>},1},
 {<<"ssl_verify_fun">>,{pkg,<<"ssl_verify_fun">>,<<"1.1.7">>},1},
 {<<"syslog">>,
  {git,"https://github.com/Vagabond/erlang-syslog.git",
       {ref,"614a1fde7a8654bee2815b599bbdaae1bb0323b5"}},
  0}]}.
[
{pkg_hash,[
 {<<"certifi">>, <<"A4EDFC1D2DA3424D478A3271133BF28E0EC5E6FD8C009AAB5A4AE980CB165CE9">>},
 {<<"erlsom">>, <<"3E47C53A199136FB4D20D5479EDB7C9229F31624534C062633951C8D14DCD276">>},
 {<<"goldrush">>, <<"F06E5D5F1277DA5C413E84D5A2924174182FB108DABB39D5EC548B27424CD106">>},
 {<<"h2">>, <<"289AE4833F5062337F43DBF503E39A32A7472D888EE792E8D6FE4732986A24FD">>},
 {<<"hackney">>, <<"DFC90299EDC31553898CD32567F1D46FDB477AFED9ECA694B9C879DDADFA3D62">>},
 {<<"idna">>, <<"1067A13043538129602D2F2CE6899D8713125C7D19734AA557CE2E3EA55BD4F1">>},
 {<<"lager">>, <<"4CAB289120EB24964E3886BD22323CB5FEFE4510C076992A23AD18CF85413D8C">>},
 {<<"mimerl">>, <<"F35ACA6F23242339B3666E0AC0702379E362B469D0AEA167F6CC713547E777ED">>},
 {<<"parse_trans">>, <<"6E6AA8167CB44CC8F39441D05193BE6E6F4E7C2946CB2759F015F8C56B76E5FF">>},
 {<<"quic">>, <<"2FE86FEEDAB19A2CD4E1355553FB7F30CD7968C66D79E45E331A8CA60FDF4661">>},
 {<<"ssl_verify_fun">>, <<"354C321CF377240C7B8716899E182CE4890C5938111A1296ADD3EC74CF1715DF">>}]},
{pkg_hash_ext,[
 {<<"certifi">>, <<"8A64F6669D85E9CC0E5086FCF29A5B13DE57A13EFA23D3582874B9A19303F184">>},
 {<<"erlsom">>, <<"4E765CC677FB30509F7B628FF2914E124CF4DCC0FAC1C0A62EE4DCEE24215B5D">>},
 {<<"goldrush">>, <<"99CB4128CFFCB3227581E5D4D803D5413FA643F4EB96523F77D9E6937D994CEB">>},
 {<<"h2">>, <<"A7EC6A7DAE06F006DA235E80C96C957DC6F39636037ABEBBE466476BE627DA61">>},
 {<<"hackney">>, <<"56EEA3F252B8A672756986B1BEE827D75C933F9C335D3E0C54F57F48345F272C">>},
 {<<"idna">>, <<"6AE959A025BF36DF61A8CAB8508D9654891B5426A84C44D82DEAFFD6DDF8C71F">>},
 {<<"lager">>, <<"7F904D9E87A8CB7E66156ED31768D1C8E26EBA1D54F4BC85B1AA4AC1F6340C28">>},
 {<<"mimerl">>, <<"DB648CE065BAE14EA84CA8B5DD123F42F49417CEF693541110BF6F9E9BE9ECC4">>},
 {<<"parse_trans">>, <<"620A406CE75DADA827B82E453C19CF06776BE266F5A67CFF34E1EF2CBB60E49A">>},
 {<<"quic">>, <<"52F59E0BBA92ECEE80A7E685F92B8F498E7ED01F6DD05A682808AFB70279AFCC">>},
 {<<"ssl_verify_fun">>, <<"FE4C190E8F37401D30167C8C405EDA19469F34577987C76DDE613E838BBC67F8">>}]}
].
